
Microsoft Visual Studio Solution File, Format Version 12.00
# Visual Studio Version 16
VisualStudioVersion = 16.0.30330.147
MinimumVisualStudioVersion = 10.0.40219.1
Project("{FAE04EC0-301F-11D3-BF4B-00C04F79EFBC}") = "SocialNetwork", "SocialNetwork\SocialNetwork.csproj", "{27223EAB-3B89-4AC9-AF9C-CD1AF8085BE2}"
EndProject
Global
	GlobalSection(SolutionConfigurationPlatforms) = preSolution
		Debug|Any CPU = Debug|Any CPU
		Release|Any CPU = Release|Any CPU
	EndGlobalSection
	GlobalSection(ProjectConfigurationPlatforms) = postSolution
		{27223EAB-3B89-4AC9-AF9C-CD1AF8085BE2}.Debug|Any CPU.ActiveCfg = Debug|Any CPU
		{27223EAB-3B89-4AC9-AF9C-CD1AF8085BE2}.Debug|Any CPU.Build.0 = Debug|Any CPU
		{27223EAB-3B89-4AC9-AF9C-CD1AF8085BE2}.Release|Any CPU.ActiveCfg = Release|Any CPU
		{27223EAB-3B89-4AC9-AF9C-CD1AF8085BE2}.Release|Any CPU.Build.0 = Release|Any CPU
	EndGlobalSection
	GlobalSection(SolutionProperties) = preSolution
		HideSolutionNode = FALSE
	EndGlobalSection
	GlobalSection(ExtensibilityGlobals) = postSolution
		SolutionGuid = {F7A779B0-8F42-4E28-8490-4171B12E05B7}
	EndGlobalSection
EndGlobal
